
Microsoft Visual Studio Solution File, Format Version 12.00
# Visual Studio Version 17
VisualStudioVersion = 17.13.35806.99 d17.13
MinimumVisualStudioVersion = 10.0.40219.1
Project("{FAE04EC0-301F-11D3-BF4B-00C04F79EFBC}") = "moje-filmy-api", "moje-filmy-api\moje-filmy-api.csproj", "{74F0F7A8-04D7-4946-95F9-00FEA0AA8825}"
EndProject
Global
	GlobalSection(SolutionConfigurationPlatforms) = preSolution
		Debug|Any CPU = Debug|Any CPU
		Release|Any CPU = Release|Any CPU
	EndGlobalSection
	GlobalSection(ProjectConfigurationPlatforms) = postSolution
		{74F0F7A8-04D7-4946-95F9-00FEA0AA8825}.Debug|Any CPU.ActiveCfg = Debug|Any CPU
		{74F0F7A8-04D7-4946-95F9-00FEA0AA8825}.Debug|Any CPU.Build.0 = Debug|Any CPU
		{74F0F7A8-04D7-4946-95F9-00FEA0AA8825}.Release|Any CPU.ActiveCfg = Release|Any CPU
		{74F0F7A8-04D7-4946-95F9-00FEA0AA8825}.Release|Any CPU.Build.0 = Release|Any CPU
	EndGlobalSection
	GlobalSection(SolutionProperties) = preSolution
		HideSolutionNode = FALSE
	EndGlobalSection
	GlobalSection(ExtensibilityGlobals) = postSolution
		SolutionGuid = {5968A0B1-A391-4071-91F8-BE8F5F8CBA89}
	EndGlobalSection
EndGlobal
